
Microsoft Visual Studio Solution File, Format Version 12.00
# Visual Studio 14
VisualStudioVersion = 14.0.25420.1
MinimumVisualStudioVersion = 10.0.40219.1
Project("{FAE04EC0-301F-11D3-BF4B-00C04F79EFBC}") = "ChuanYe.BMS.DAL", "ChuanYe.BMS.DAL\ChuanYe.BMS.DAL.csproj", "{3DD13A24-95EF-4C6F-8FDB-F99BF8167D69}"
EndProject
Project("{FAE04EC0-301F-11D3-BF4B-00C04F79EFBC}") = "ChuanYe.BMS.Test", "ChuanYe.BMS.Test\ChuanYe.BMS.Test.csproj", "{96AA5084-DDC8-4E7E-9C41-174C5E1A57CC}"
EndProject
Project("{FAE04EC0-301F-11D3-BF4B-00C04F79EFBC}") = "ChuanYe.BMS.BLL", "ChuanYe.BMS.BLL\ChuanYe.BMS.BLL.csproj", "{CCC2A9D8-45C4-4DE4-9E09-0E6E79D1B3BD}"
EndProject
Project("{FAE04EC0-301F-11D3-BF4B-00C04F79EFBC}") = "Web", "Web\Web.csproj", "{D4015C1C-48B5-40B2-B5FB-B7E440F5235B}"
EndProject
Project("{FAE04EC0-301F-11D3-BF4B-00C04F79EFBC}") = "MonitorManager.Models", "MonitorManager.Models\MonitorManager.Models.csproj", "{234E1D44-C7CE-44D0-94F8-328BB3E1D8B2}"
EndProject
Project("{FAE04EC0-301F-11D3-BF4B-00C04F79EFBC}") = "MonitorManager.BLL", "MonitorManager.BLL\MonitorManager.BLL.csproj", "{E40B180A-3905-4C37-A838-A38BEA2E7E6F}"
EndProject
Project("{FAE04EC0-301F-11D3-BF4B-00C04F79EFBC}") = "MonitorManager.Model", "MonitorManager.Model\MonitorManager.Model.csproj", "{3DBAF916-FB41-4929-A41B-B5BED1DDA229}"
EndProject
Project("{FAE04EC0-301F-11D3-BF4B-00C04F79EFBC}") = "MonitorManager.Api", "MonitorManager.Api\MonitorManager.Api.csproj", "{AF3C494A-7385-47C3-8854-B0C475C1BF27}"
EndProject
Project("{FAE04EC0-301F-11D3-BF4B-00C04F79EFBC}") = "ChuanYe.Utils", "ChuanYe.Utils\ChuanYe.Utils.csproj", "{C474CDE3-E011-49C3-8D14-7603C05BFAAC}"
EndProject
Global
	GlobalSection(SolutionConfigurationPlatforms) = preSolution
		Debug|Any CPU = Debug|Any CPU
		Release|Any CPU = Release|Any CPU
	EndGlobalSection
	GlobalSection(ProjectConfigurationPlatforms) = postSolution
		{3DD13A24-95EF-4C6F-8FDB-F99BF8167D69}.Debug|Any CPU.ActiveCfg = Debug|Any CPU
		{3DD13A24-95EF-4C6F-8FDB-F99BF8167D69}.Debug|Any CPU.Build.0 = Debug|Any CPU
		{3DD13A24-95EF-4C6F-8FDB-F99BF8167D69}.Release|Any CPU.ActiveCfg = Release|Any CPU
		{3DD13A24-95EF-4C6F-8FDB-F99BF8167D69}.Release|Any CPU.Build.0 = Release|Any CPU
		{96AA5084-DDC8-4E7E-9C41-174C5E1A57CC}.Debug|Any CPU.ActiveCfg = Debug|Any CPU
		{96AA5084-DDC8-4E7E-9C41-174C5E1A57CC}.Debug|Any CPU.Build.0 = Debug|Any CPU
		{96AA5084-DDC8-4E7E-9C41-174C5E1A57CC}.Release|Any CPU.ActiveCfg = Release|Any CPU
		{96AA5084-DDC8-4E7E-9C41-174C5E1A57CC}.Release|Any CPU.Build.0 = Release|Any CPU
		{CCC2A9D8-45C4-4DE4-9E09-0E6E79D1B3BD}.Debug|Any CPU.ActiveCfg = Debug|Any CPU
		{CCC2A9D8-45C4-4DE4-9E09-0E6E79D1B3BD}.Debug|Any CPU.Build.0 = Debug|Any CPU
		{CCC2A9D8-45C4-4DE4-9E09-0E6E79D1B3BD}.Release|Any CPU.ActiveCfg = Release|Any CPU
		{CCC2A9D8-45C4-4DE4-9E09-0E6E79D1B3BD}.Release|Any CPU.Build.0 = Release|Any CPU
		{D4015C1C-48B5-40B2-B5FB-B7E440F5235B}.Debug|Any CPU.ActiveCfg = Debug|Any CPU
		{D4015C1C-48B5-40B2-B5FB-B7E440F5235B}.Debug|Any CPU.Build.0 = Debug|Any CPU
		{D4015C1C-48B5-40B2-B5FB-B7E440F5235B}.Release|Any CPU.ActiveCfg = Release|Any CPU
		{D4015C1C-48B5-40B2-B5FB-B7E440F5235B}.Release|Any CPU.Build.0 = Release|Any CPU
		{234E1D44-C7CE-44D0-94F8-328BB3E1D8B2}.Debug|Any CPU.ActiveCfg = Debug|Any CPU
		{234E1D44-C7CE-44D0-94F8-328BB3E1D8B2}.Debug|Any CPU.Build.0 = Debug|Any CPU
		{234E1D44-C7CE-44D0-94F8-328BB3E1D8B2}.Release|Any CPU.ActiveCfg = Release|Any CPU
		{234E1D44-C7CE-44D0-94F8-328BB3E1D8B2}.Release|Any CPU.Build.0 = Release|Any CPU
		{E40B180A-3905-4C37-A838-A38BEA2E7E6F}.Debug|Any CPU.ActiveCfg = Debug|Any CPU
		{E40B180A-3905-4C37-A838-A38BEA2E7E6F}.Debug|Any CPU.Build.0 = Debug|Any CPU
		{E40B180A-3905-4C37-A838-A38BEA2E7E6F}.Release|Any CPU.ActiveCfg = Release|Any CPU
		{E40B180A-3905-4C37-A838-A38BEA2E7E6F}.Release|Any CPU.Build.0 = Release|Any CPU
		{3DBAF916-FB41-4929-A41B-B5BED1DDA229}.Debug|Any CPU.ActiveCfg = Debug|Any CPU
		{3DBAF916-FB41-4929-A41B-B5BED1DDA229}.Debug|Any CPU.Build.0 = Debug|Any CPU
		{3DBAF916-FB41-4929-A41B-B5BED1DDA229}.Release|Any CPU.ActiveCfg = Release|Any CPU
		{3DBAF916-FB41-4929-A41B-B5BED1DDA229}.Release|Any CPU.Build.0 = Release|Any CPU
		{AF3C494A-7385-47C3-8854-B0C475C1BF27}.Debug|Any CPU.ActiveCfg = Debug|Any CPU
		{AF3C494A-7385-47C3-8854-B0C475C1BF27}.Debug|Any CPU.Build.0 = Debug|Any CPU
		{AF3C494A-7385-47C3-8854-B0C475C1BF27}.Release|Any CPU.ActiveCfg = Release|Any CPU
		{AF3C494A-7385-47C3-8854-B0C475C1BF27}.Release|Any CPU.Build.0 = Release|Any CPU
		{C474CDE3-E011-49C3-8D14-7603C05BFAAC}.Debug|Any CPU.ActiveCfg = Debug|Any CPU
		{C474CDE3-E011-49C3-8D14-7603C05BFAAC}.Debug|Any CPU.Build.0 = Debug|Any CPU
		{C474CDE3-E011-49C3-8D14-7603C05BFAAC}.Release|Any CPU.ActiveCfg = Release|Any CPU
		{C474CDE3-E011-49C3-8D14-7603C05BFAAC}.Release|Any CPU.Build.0 = Release|Any CPU
	EndGlobalSection
	GlobalSection(SolutionProperties) = preSolution
		HideSolutionNode = FALSE
	EndGlobalSection
EndGlobal
